
Microsoft Visual Studio Solution File, Format Version 12.00
# Visual Studio Version 16
VisualStudioVersion = 16.0.35130.168
MinimumVisualStudioVersion = 10.0.40219.1
Project("{FAE04EC0-301F-11D3-BF4B-00C04F79EFBC}") = "ConsoleAppExam", "ConsoleAppExam.csproj", "{19CEAB9B-0A5F-4F41-8333-492516044C9E}"
EndProject
Global
	GlobalSection(SolutionConfigurationPlatforms) = preSolution
		Debug|Any CPU = Debug|Any CPU
		Release|Any CPU = Release|Any CPU
	EndGlobalSection
	GlobalSection(ProjectConfigurationPlatforms) = postSolution
		{19CEAB9B-0A5F-4F41-8333-492516044C9E}.Debug|Any CPU.ActiveCfg = Debug|Any CPU
		{19CEAB9B-0A5F-4F41-8333-492516044C9E}.Debug|Any CPU.Build.0 = Debug|Any CPU
		{19CEAB9B-0A5F-4F41-8333-492516044C9E}.Release|Any CPU.ActiveCfg = Release|Any CPU
		{19CEAB9B-0A5F-4F41-8333-492516044C9E}.Release|Any CPU.Build.0 = Release|Any CPU
	EndGlobalSection
	GlobalSection(SolutionProperties) = preSolution
		HideSolutionNode = FALSE
	EndGlobalSection
	GlobalSection(ExtensibilityGlobals) = postSolution
		SolutionGuid = {B09BE6BC-1FCF-41D7-81F8-C95F60490F3C}
	EndGlobalSection
EndGlobal
